<?xml version="1.0" encoding="utf-8"?>
<Project ToolsVersion="4.0" xmlns="http://schemas.microsoft.com/developer/msbuild/2003">
  <ItemGroup>
    <Filter Include="linker">
      <UniqueIdentifier>{cba093c5-e77e-46bc-bb52-956b822b216b}</UniqueIdentifier>
    </Filter>
    <Filter Include="Src">
      <UniqueIdentifier>{23ea6a12-9f8b-4fa6-b88b-ea83dc147d4b}</UniqueIdentifier>
    </Filter>
    <Filter Include="Inc">
      <UniqueIdentifier>{046ea6ee-e3f8-4a85-a453-3c364b850177}</UniqueIdentifier>
    </Filter>
  </ItemGroup>
  <ItemGroup>
    <ClInclude Include="..\..\_IAR\application\main.h" />
    <ClInclude Include="..\..\Inc\Device.h">
      <Filter>Inc</Filter>
    </ClInclude>
    <ClInclude Include="..\..\Inc\FreeRTOSConfig.h">
      <Filter>Inc</Filter>
    </ClInclude>
    <ClInclude Include="..\..\Inc\Systems_headers.h">
      <Filter>Inc</Filter>
    </ClInclude>
  </ItemGroup>
  <ItemGroup>
    <ClCompile Include="..\..\_IAR\application\main.cpp" />
    <ClCompile Include="..\..\Src\Device.cpp">
      <Filter>Src</Filter>
    </ClCompile>
  </ItemGroup>
</Project>